
Microsoft Visual Studio Solution File, Format Version 12.00
# Visual Studio Version 17
VisualStudioVersion = 17.9.34714.143
MinimumVisualStudioVersion = 10.0.40219.1
Project("{9A19103F-16F7-4668-BE54-9A1E7A4F7556}") = "MiprimeraApp.API", "MiprimeraApp.API\MiprimeraApp.API.csproj", "{6EFF5E4E-4EAD-47A3-84DD-F67787D89162}"
EndProject
Project("{9A19103F-16F7-4668-BE54-9A1E7A4F7556}") = "MiPrimeraApp.Library", "MiPrimeraApp.Library\MiPrimeraApp.Library.csproj", "{4A062E4D-5758-4268-873D-717563CB7E1A}"
EndProject
Project("{9A19103F-16F7-4668-BE54-9A1E7A4F7556}") = "MiprimerApp.Client", "MiprimerApp.Client\MiprimerApp.Client.csproj", "{F6A1589D-289D-4496-8A67-165727A27D33}"
EndProject
Global
	GlobalSection(SolutionConfigurationPlatforms) = preSolution
		Debug|Any CPU = Debug|Any CPU
		Release|Any CPU = Release|Any CPU
	EndGlobalSection
	GlobalSection(ProjectConfigurationPlatforms) = postSolution
		{6EFF5E4E-4EAD-47A3-84DD-F67787D89162}.Debug|Any CPU.ActiveCfg = Debug|Any CPU
		{6EFF5E4E-4EAD-47A3-84DD-F67787D89162}.Debug|Any CPU.Build.0 = Debug|Any CPU
		{6EFF5E4E-4EAD-47A3-84DD-F67787D89162}.Release|Any CPU.ActiveCfg = Release|Any CPU
		{6EFF5E4E-4EAD-47A3-84DD-F67787D89162}.Release|Any CPU.Build.0 = Release|Any CPU
		{4A062E4D-5758-4268-873D-717563CB7E1A}.Debug|Any CPU.ActiveCfg = Debug|Any CPU
		{4A062E4D-5758-4268-873D-717563CB7E1A}.Debug|Any CPU.Build.0 = Debug|Any CPU
		{4A062E4D-5758-4268-873D-717563CB7E1A}.Release|Any CPU.ActiveCfg = Release|Any CPU
		{4A062E4D-5758-4268-873D-717563CB7E1A}.Release|Any CPU.Build.0 = Release|Any CPU
		{F6A1589D-289D-4496-8A67-165727A27D33}.Debug|Any CPU.ActiveCfg = Debug|Any CPU
		{F6A1589D-289D-4496-8A67-165727A27D33}.Debug|Any CPU.Build.0 = Debug|Any CPU
		{F6A1589D-289D-4496-8A67-165727A27D33}.Release|Any CPU.ActiveCfg = Release|Any CPU
		{F6A1589D-289D-4496-8A67-165727A27D33}.Release|Any CPU.Build.0 = Release|Any CPU
	EndGlobalSection
	GlobalSection(SolutionProperties) = preSolution
		HideSolutionNode = FALSE
	EndGlobalSection
	GlobalSection(ExtensibilityGlobals) = postSolution
		SolutionGuid = {44AA1673-3F92-4F9E-84D2-C2986C39EC36}
	EndGlobalSection
EndGlobal
